
Microsoft Visual Studio Solution File, Format Version 12.00
# Visual Studio 15
Project("{FAE04EC0-301F-11D3-BF4B-00C04F79EFBC}") = "Assembly-CSharp", "Assembly-CSharp.csproj", "{E8911FAE-47B0-1302-82CA-8B87FA643185}"
EndProject
Project("{FAE04EC0-301F-11D3-BF4B-00C04F79EFBC}") = "Assembly-CSharp-Editor", "Assembly-CSharp-Editor.csproj", "{E2968A34-F701-C702-68C6-74581D2FE973}"
EndProject
Global
	GlobalSection(SolutionConfigurationPlatforms) = preSolution
		Debug|Any CPU = Debug|Any CPU
		Release|Any CPU = Release|Any CPU
	EndGlobalSection
	GlobalSection(ProjectConfigurationPlatforms) = postSolution
		{E8911FAE-47B0-1302-82CA-8B87FA643185}.Debug|Any CPU.ActiveCfg = Debug|Any CPU
		{E8911FAE-47B0-1302-82CA-8B87FA643185}.Debug|Any CPU.Build.0 = Debug|Any CPU
		{E8911FAE-47B0-1302-82CA-8B87FA643185}.Release|Any CPU.ActiveCfg = Release|Any CPU
		{E8911FAE-47B0-1302-82CA-8B87FA643185}.Release|Any CPU.Build.0 = Release|Any CPU
		{E2968A34-F701-C702-68C6-74581D2FE973}.Debug|Any CPU.ActiveCfg = Debug|Any CPU
		{E2968A34-F701-C702-68C6-74581D2FE973}.Debug|Any CPU.Build.0 = Debug|Any CPU
		{E2968A34-F701-C702-68C6-74581D2FE973}.Release|Any CPU.ActiveCfg = Release|Any CPU
		{E2968A34-F701-C702-68C6-74581D2FE973}.Release|Any CPU.Build.0 = Release|Any CPU
	EndGlobalSection
	GlobalSection(SolutionProperties) = preSolution
		HideSolutionNode = FALSE
	EndGlobalSection
EndGlobal
